
Microsoft Visual Studio Solution File, Format Version 9.00
# Visual Studio 2005
Project("{8BC9CEB8-8B4A-11D0-8D11-00A0C91BC942}") = "texturing", "texturing.vcproj", "{E86B2125-5520-4BDB-8925-E7EE1DD3CE4F}"
EndProject
Global
	GlobalSection(SolutionConfigurationPlatforms) = preSolution
		Debug|Win32 = Debug|Win32
		Release|Win32 = Release|Win32
	EndGlobalSection
	GlobalSection(ProjectConfigurationPlatforms) = postSolution
		{E86B2125-5520-4BDB-8925-E7EE1DD3CE4F}.Debug|Win32.ActiveCfg = Debug|Win32
		{E86B2125-5520-4BDB-8925-E7EE1DD3CE4F}.Debug|Win32.Build.0 = Debug|Win32
		{E86B2125-5520-4BDB-8925-E7EE1DD3CE4F}.Release|Win32.ActiveCfg = Release|Win32
		{E86B2125-5520-4BDB-8925-E7EE1DD3CE4F}.Release|Win32.Build.0 = Release|Win32
	EndGlobalSection
	GlobalSection(SolutionProperties) = preSolution
		HideSolutionNode = FALSE
	EndGlobalSection
EndGlobal
